{
  "name": "rocky branch led",
  "version": "0.1.0",
  "lockfileVersion": 1,
  "requires": true,
  "dependencies": {
    "@types/node": {
      "version": "13.1.2",
      "resolved": "https://registry.npmjs.org/@types/node/-/node-13.1.2.tgz",
      "integrity": "sha512-B8emQA1qeKerqd1dmIsQYnXi+mmAzTB7flExjmy5X1aVAKFNNNDubkavwR13kR6JnpeLp3aLoJhwn9trWPAyFQ=="
    },
    "bindings": {
      "version": "1.5.0",
      "resolved": "https://registry.npmjs.org/bindings/-/bindings-1.5.0.tgz",
      "integrity": "sha512-p2q/t/mhvuOj/UeLlV6566GD/guowlr0hHxClI0W9m7MWYkL1F0hLo+0Aexs9HSPCtR1SXQ0TD3MMKrXZajbiQ==",
      "requires": {
        "file-uri-to-path": "1.0.0"
      }
    },
    "file-uri-to-path": {
      "version": "1.0.0",
      "resolved": "https://registry.npmjs.org/file-uri-to-path/-/file-uri-to-path-1.0.0.tgz",
      "integrity": "sha512-0Zt+s3L7Vf1biwWZ29aARiVYLx7iMGnEUl9x33fbB/j3jR81u/O2LbqK+Bm1CDSNDKVtJ/YjwY7TUd5SkeLQLw=="
    },
    "j5-io-types": {
      "version": "2.5.0",
      "resolved": "https://registry.npmjs.org/j5-io-types/-/j5-io-types-2.5.0.tgz",
      "integrity": "sha512-S44ds7NZfVUL3xsvboNEIXnrZ0TDUPixKtdcO4+L3bUctWzAtHSTvPmyU9G8urqfzXl6d22xBq7c+sjGUrD4+w=="
    },
    "lodash.clone": {
      "version": "4.5.0",
      "resolved": "https://registry.npmjs.org/lodash.clone/-/lodash.clone-4.5.0.tgz",
      "integrity": "sha1-GVhwRQ9aExkkeN9Lw9I9LeoZB7Y="
    },
    "mcp-spi-adc": {
      "version": "3.0.0",
      "resolved": "https://registry.npmjs.org/mcp-spi-adc/-/mcp-spi-adc-3.0.0.tgz",
      "integrity": "sha512-NTQOdrRhLZOpWkbVR3fzoBMkPKhpbYzpMdGbHg1zmH7PDMqIZZwz5bQyshHe0Ow6Bo9KlnPvoAOcCQIwM1glww==",
      "requires": {
        "lodash.clone": "^4.5.0",
        "spi-device": "^3.0.0"
      }
    },
    "nan": {
      "version": "2.14.0",
      "resolved": "https://registry.npmjs.org/nan/-/nan-2.14.0.tgz",
      "integrity": "sha512-INOFj37C7k3AfaNTtX8RhsTw7qRy7eLET14cROi9+5HAVbbHuIWUHEauBv5qT4Av2tWasiTY1Jw6puUNqRJXQg=="
    },
    "node-addon-api": {
      "version": "1.7.1",
      "resolved": "https://registry.npmjs.org/node-addon-api/-/node-addon-api-1.7.1.tgz",
      "integrity": "sha512-2+DuKodWvwRTrCfKOeR24KIc5unKjOh8mz17NCzVnHWfjAdDqbfbjqh7gUT+BkXBRQM52+xCHciKWonJ3CbJMQ=="
    },
    "pi-spi": {
      "version": "1.2.1",
      "resolved": "https://registry.npmjs.org/pi-spi/-/pi-spi-1.2.1.tgz",
      "integrity": "sha512-cPquRYzFZJzPwFpFpLOY13bg+jYzufo0hhYi+IsMlcSSdmzHqHLvghUz4vZWcjm6tqiEwNoMP8MQR1wuyLpnnw==",
      "requires": {
        "nan": "^2.14.0"
      }
    },
    "raspi-board": {
      "version": "7.3.0",
      "resolved": "https://registry.npmjs.org/raspi-board/-/raspi-board-7.3.0.tgz",
      "integrity": "sha512-SbJx99NG1pwsfuErifDCcSf7Byi0bHfBCd/w6Ri68J1+2yqJ2gZN/utqO0edRXs0LDqDrJodQNmF7pnOYdOq0Q==",
      "requires": {
        "j5-io-types": "^2.4.0"
      }
    },
    "rpio": {
      "version": "1.3.0",
      "resolved": "https://registry.npmjs.org/rpio/-/rpio-1.3.0.tgz",
      "integrity": "sha512-XWx9rOVo+aSrd6UM6viS8DlVLPOsvEorOlG5r6QuyFYXvdFQqx66Qin5+fWW+Qn39xAmhaOsf7f9L17tZd1xFg==",
      "requires": {
        "bindings": "~1.5.0",
        "nan": "~2.14.0"
      }
    },
    "spi-device": {
      "version": "3.0.0",
      "resolved": "https://registry.npmjs.org/spi-device/-/spi-device-3.0.0.tgz",
      "integrity": "sha512-W3qfqwLFrOjmAfnrj8XEQHGXNkpJpoP6cFiJIfGO06D5s0ClrTxtDm5ilEpJDxw7bMa+YoCqNPOPBVSBMLCSFA==",
      "requires": {
        "bindings": "^1.5.0",
        "nan": "^2.14.0"
      }
    },
    "spi-node": {
      "version": "2.0.3",
      "resolved": "https://registry.npmjs.org/spi-node/-/spi-node-2.0.3.tgz",
      "integrity": "sha512-un5Xf+YdX0it5ytlrc7FPSSNKwtwiPG0+4BusNsvkRk35him9URFkFvLqYM/4EvXnOSmrtVd69BV+elAz0Xl+Q==",
      "requires": {
        "bindings": "^1.5.0",
        "node-addon-api": "^1.6.2"
      }
    },
    "typescript": {
      "version": "4.0.2",
      "resolved": "https://registry.npmjs.org/typescript/-/typescript-4.0.2.tgz",
      "integrity": "sha512-e4ERvRV2wb+rRZ/IQeb3jm2VxBsirQLpQhdxplZ2MEzGvDkkMmPglecnNDfSUBivMjP93vRbngYYDQqQ/78bcQ==",
      "dev": true
    }
  }
}
